[[package]]
name = "aggdraw"
version = "1.3.15"
description = "High quality drawing interface for PIL."
category = "main"
optional = false
python-versions = ">=3.7"

[[package]]
name = "numpy"
version = "1.23.1"
description = "NumPy is the fundamental package for array computing with Python."
category = "main"
optional = false
python-versions = ">=3.8"

[[package]]
name = "pillow"
version = "9.2.0"
description = "Python Imaging Library (Fork)"
category = "main"
optional = false
python-versions = ">=3.7"

[package.extras]
tests = ["pytest-timeout", "pytest-cov", "pytest", "pyroma", "packaging", "olefile", "markdown2", "defusedxml", "coverage", "check-manifest"]
docs = ["sphinxext-opengraph", "sphinx-removed-in", "sphinx-issues (>=3.0.1)", "sphinx-copybutton", "sphinx (>=2.4)", "olefile", "furo"]

[metadata]
lock-version = "1.1"
python-versions = "^3.10"
content-hash = "f35410bd67fa5e265e9b49c6440a1615dbcfb4c5955f57d2ec1163f5674e8ad7"

[metadata.files]
aggdraw = []
numpy = []
pillow = []
